
Microsoft Visual Studio Solution File, Format Version 12.00
# Visual Studio Version 17
VisualStudioVersion = 17.2.32516.85
MinimumVisualStudioVersion = 10.0.40219.1
Project("{FAE04EC0-301F-11D3-BF4B-00C04F79EFBC}") = "DemoForDevops", "DemoForDevops\DemoForDevops.csproj", "{D29D0DD3-6DCF-410D-AC1C-75A42C0AFB6A}"
EndProject
Global
	GlobalSection(SolutionConfigurationPlatforms) = preSolution
		Debug|Any CPU = Debug|Any CPU
		Release|Any CPU = Release|Any CPU
	EndGlobalSection
	GlobalSection(ProjectConfigurationPlatforms) = postSolution
		{D29D0DD3-6DCF-410D-AC1C-75A42C0AFB6A}.Debug|Any CPU.ActiveCfg = Debug|Any CPU
		{D29D0DD3-6DCF-410D-AC1C-75A42C0AFB6A}.Debug|Any CPU.Build.0 = Debug|Any CPU
		{D29D0DD3-6DCF-410D-AC1C-75A42C0AFB6A}.Release|Any CPU.ActiveCfg = Release|Any CPU
		{D29D0DD3-6DCF-410D-AC1C-75A42C0AFB6A}.Release|Any CPU.Build.0 = Release|Any CPU
	EndGlobalSection
	GlobalSection(SolutionProperties) = preSolution
		HideSolutionNode = FALSE
	EndGlobalSection
	GlobalSection(ExtensibilityGlobals) = postSolution
		SolutionGuid = {C88768A6-5FFE-4182-80B3-4B7399D8C0D1}
	EndGlobalSection
EndGlobal
